
Microsoft Visual Studio Solution File, Format Version 12.00
# Visual Studio Version 17
VisualStudioVersion = 17.5.33516.290
MinimumVisualStudioVersion = 10.0.40219.1
Project("{9A19103F-16F7-4668-BE54-9A1E7A4F7556}") = "Community.PowerToys.Run.Plugin.VisualStudio", "Community.PowerToys.Run.Plugin.VisualStudio\Community.PowerToys.Run.Plugin.VisualStudio.csproj", "{59418FCB-BD51-4002-ABAB-3AFE7E516E1F}"
EndProject
Project("{2150E333-8FDC-42A3-9474-1A3956D46DE8}") = "Solution Items", "Solution Items", "{5A46379E-C265-4F87-8F4C-E60F4F655906}"
	ProjectSection(SolutionItems) = preProject
		Directory.Build.props = Directory.Build.props
	EndProjectSection
EndProject
Project("{FAE04EC0-301F-11D3-BF4B-00C04F79EFBC}") = "Community.PowerToys.Run.Plugin.VisualStudio.Core", "Community.PowerToys.Run.Plugin.VisualStudio.Core\Community.PowerToys.Run.Plugin.VisualStudio.Core.csproj", "{6C6DF5B0-FE78-4557-B586-607954E6D095}"
EndProject
Global
	GlobalSection(SolutionConfigurationPlatforms) = preSolution
		Debug|ARM64 = Debug|ARM64
		Debug|x64 = Debug|x64
		Release|ARM64 = Release|ARM64
		Release|x64 = Release|x64
	EndGlobalSection
	GlobalSection(ProjectConfigurationPlatforms) = postSolution
		{59418FCB-BD51-4002-ABAB-3AFE7E516E1F}.Debug|ARM64.ActiveCfg = Debug|ARM64
		{59418FCB-BD51-4002-ABAB-3AFE7E516E1F}.Debug|ARM64.Build.0 = Debug|ARM64
		{59418FCB-BD51-4002-ABAB-3AFE7E516E1F}.Debug|x64.ActiveCfg = Debug|x64
		{59418FCB-BD51-4002-ABAB-3AFE7E516E1F}.Debug|x64.Build.0 = Debug|x64
		{59418FCB-BD51-4002-ABAB-3AFE7E516E1F}.Release|ARM64.ActiveCfg = Release|ARM64
		{59418FCB-BD51-4002-ABAB-3AFE7E516E1F}.Release|ARM64.Build.0 = Release|ARM64
		{59418FCB-BD51-4002-ABAB-3AFE7E516E1F}.Release|x64.ActiveCfg = Release|x64
		{59418FCB-BD51-4002-ABAB-3AFE7E516E1F}.Release|x64.Build.0 = Release|x64
		{6C6DF5B0-FE78-4557-B586-607954E6D095}.Debug|ARM64.ActiveCfg = Debug|ARM64
		{6C6DF5B0-FE78-4557-B586-607954E6D095}.Debug|ARM64.Build.0 = Debug|ARM64
		{6C6DF5B0-FE78-4557-B586-607954E6D095}.Debug|x64.ActiveCfg = Debug|x64
		{6C6DF5B0-FE78-4557-B586-607954E6D095}.Debug|x64.Build.0 = Debug|x64
		{6C6DF5B0-FE78-4557-B586-607954E6D095}.Release|ARM64.ActiveCfg = Release|ARM64
		{6C6DF5B0-FE78-4557-B586-607954E6D095}.Release|ARM64.Build.0 = Release|ARM64
		{6C6DF5B0-FE78-4557-B586-607954E6D095}.Release|x64.ActiveCfg = Release|x64
		{6C6DF5B0-FE78-4557-B586-607954E6D095}.Release|x64.Build.0 = Release|x64
	EndGlobalSection
	GlobalSection(SolutionProperties) = preSolution
		HideSolutionNode = FALSE
	EndGlobalSection
	GlobalSection(ExtensibilityGlobals) = postSolution
		SolutionGuid = {A57D8BAF-CEE6-4F90-B091-3C3741005E77}
	EndGlobalSection
EndGlobal
